
Microsoft Visual Studio Solution File, Format Version 12.00
# Visual Studio 15
VisualStudioVersion = 15.0.28307.1927
MinimumVisualStudioVersion = 10.0.40219.1
Project("{2150E333-8FDC-42A3-9474-1A3956D46DE8}") = "src", "src", "{9A8882C2-37F3-40A2-B004-353BE61F3096}"
EndProject
Project("{2150E333-8FDC-42A3-9474-1A3956D46DE8}") = "tests", "tests", "{6AECDEB8-3805-494F-9BC3-26AD182AFA9E}"
EndProject
Project("{2150E333-8FDC-42A3-9474-1A3956D46DE8}") = "WindowsForms", "WindowsForms", "{B1FFEC62-88E4-49CD-A28E-837F65CCAD6D}"
EndProject
Project("{FAE04EC0-301F-11D3-BF4B-00C04F79EFBC}") = "Presentation", "src\WindowsForms\Presentation\Presentation.csproj", "{BBE7B602-B5EC-49C0-AAA1-00FF3437D56E}"
EndProject
Project("{FAE04EC0-301F-11D3-BF4B-00C04F79EFBC}") = "UI", "src\WindowsForms\UI\UI.csproj", "{C32818E3-856A-43B7-B4C4-F0AF9ED0E562}"
EndProject
Project("{9A19103F-16F7-4668-BE54-9A1E7A4F7556}") = "NUnitTests", "tests\NUnitTests\NUnitTests.csproj", "{5AE709F1-CE1D-4D10-A7A5-AC9D8664AD62}"
EndProject
Project("{FAE04EC0-301F-11D3-BF4B-00C04F79EFBC}") = "ApplicationCore", "src\ApplicationCore\ApplicationCore.csproj", "{E85CE08F-5880-4839-BCC9-34AF4C0B2987}"
EndProject
Global
	GlobalSection(SolutionConfigurationPlatforms) = preSolution
		Debug|Any CPU = Debug|Any CPU
		Release|Any CPU = Release|Any CPU
	EndGlobalSection
	GlobalSection(ProjectConfigurationPlatforms) = postSolution
		{BBE7B602-B5EC-49C0-AAA1-00FF3437D56E}.Debug|Any CPU.ActiveCfg = Debug|Any CPU
		{BBE7B602-B5EC-49C0-AAA1-00FF3437D56E}.Debug|Any CPU.Build.0 = Debug|Any CPU
		{BBE7B602-B5EC-49C0-AAA1-00FF3437D56E}.Release|Any CPU.ActiveCfg = Release|Any CPU
		{BBE7B602-B5EC-49C0-AAA1-00FF3437D56E}.Release|Any CPU.Build.0 = Release|Any CPU
		{C32818E3-856A-43B7-B4C4-F0AF9ED0E562}.Debug|Any CPU.ActiveCfg = Debug|Any CPU
		{C32818E3-856A-43B7-B4C4-F0AF9ED0E562}.Debug|Any CPU.Build.0 = Debug|Any CPU
		{C32818E3-856A-43B7-B4C4-F0AF9ED0E562}.Release|Any CPU.ActiveCfg = Release|Any CPU
		{C32818E3-856A-43B7-B4C4-F0AF9ED0E562}.Release|Any CPU.Build.0 = Release|Any CPU
		{5AE709F1-CE1D-4D10-A7A5-AC9D8664AD62}.Debug|Any CPU.ActiveCfg = Debug|Any CPU
		{5AE709F1-CE1D-4D10-A7A5-AC9D8664AD62}.Debug|Any CPU.Build.0 = Debug|Any CPU
		{5AE709F1-CE1D-4D10-A7A5-AC9D8664AD62}.Release|Any CPU.ActiveCfg = Release|Any CPU
		{5AE709F1-CE1D-4D10-A7A5-AC9D8664AD62}.Release|Any CPU.Build.0 = Release|Any CPU
		{E85CE08F-5880-4839-BCC9-34AF4C0B2987}.Debug|Any CPU.ActiveCfg = Debug|Any CPU
		{E85CE08F-5880-4839-BCC9-34AF4C0B2987}.Debug|Any CPU.Build.0 = Debug|Any CPU
		{E85CE08F-5880-4839-BCC9-34AF4C0B2987}.Release|Any CPU.ActiveCfg = Release|Any CPU
		{E85CE08F-5880-4839-BCC9-34AF4C0B2987}.Release|Any CPU.Build.0 = Release|Any CPU
	EndGlobalSection
	GlobalSection(SolutionProperties) = preSolution
		HideSolutionNode = FALSE
	EndGlobalSection
	GlobalSection(NestedProjects) = preSolution
		{B1FFEC62-88E4-49CD-A28E-837F65CCAD6D} = {9A8882C2-37F3-40A2-B004-353BE61F3096}
		{BBE7B602-B5EC-49C0-AAA1-00FF3437D56E} = {B1FFEC62-88E4-49CD-A28E-837F65CCAD6D}
		{C32818E3-856A-43B7-B4C4-F0AF9ED0E562} = {B1FFEC62-88E4-49CD-A28E-837F65CCAD6D}
		{5AE709F1-CE1D-4D10-A7A5-AC9D8664AD62} = {6AECDEB8-3805-494F-9BC3-26AD182AFA9E}
		{E85CE08F-5880-4839-BCC9-34AF4C0B2987} = {9A8882C2-37F3-40A2-B004-353BE61F3096}
	EndGlobalSection
	GlobalSection(ExtensibilityGlobals) = postSolution
		SolutionGuid = {A9FF2F89-5302-481E-A869-0D9A926476C9}
	EndGlobalSection
EndGlobal
